
Microsoft Visual Studio Solution File, Format Version 12.00
# Visual Studio Version 16
VisualStudioVersion = 16.0.32929.386
MinimumVisualStudioVersion = 10.0.40219.1
Project("{FAE04EC0-301F-11D3-BF4B-00C04F79EFBC}") = "ConsoleApp4", "ConsoleApp4\ConsoleApp4.csproj", "{1C65C1D3-8CD2-4D85-A947-89B9A5CF1271}"
EndProject
Global
	GlobalSection(SolutionConfigurationPlatforms) = preSolution
		Debug|Any CPU = Debug|Any CPU
		Release|Any CPU = Release|Any CPU
	EndGlobalSection
	GlobalSection(ProjectConfigurationPlatforms) = postSolution
		{1C65C1D3-8CD2-4D85-A947-89B9A5CF1271}.Debug|Any CPU.ActiveCfg = Debug|Any CPU
		{1C65C1D3-8CD2-4D85-A947-89B9A5CF1271}.Debug|Any CPU.Build.0 = Debug|Any CPU
		{1C65C1D3-8CD2-4D85-A947-89B9A5CF1271}.Release|Any CPU.ActiveCfg = Release|Any CPU
		{1C65C1D3-8CD2-4D85-A947-89B9A5CF1271}.Release|Any CPU.Build.0 = Release|Any CPU
	EndGlobalSection
	GlobalSection(SolutionProperties) = preSolution
		HideSolutionNode = FALSE
	EndGlobalSection
	GlobalSection(ExtensibilityGlobals) = postSolution
		SolutionGuid = {3C035339-6BCA-4E8B-BE1E-A969C9AE6F1C}
	EndGlobalSection
EndGlobal
